<?xml version="1.0" encoding="utf-8"?>
<Project ToolsVersion="4.0" xmlns="http://schemas.microsoft.com/developer/msbuild/2003">
  <ItemGroup>
    <Filter Include="ImGui">
      <UniqueIdentifier>{C0FF640D-2C14-8DBE-F595-301E616989EF}</UniqueIdentifier>
    </Filter>
    <Filter Include="Input">
      <UniqueIdentifier>{953A660D-014F-8EBE-CAD0-311E36A48AEF}</UniqueIdentifier>
    </Filter>
    <Filter Include="Interface">
      <UniqueIdentifier>{764D2783-E2B7-DBF9-2BF6-8C9F979FB94E}</UniqueIdentifier>
    </Filter>
    <Filter Include="Rendering">
      <UniqueIdentifier>{E3AE1F7C-4F19-D4F2-9857-85980401B247}</UniqueIdentifier>
    </Filter>
    <Filter Include="Resources">
      <UniqueIdentifier>{000BCD17-6C75-818E-B5B3-3234215D5FE3}</UniqueIdentifier>
    </Filter>
    <Filter Include="Resources\Vulkan">
      <UniqueIdentifier>{80B86176-6CB1-80C8-95E3-654D813B60D4}</UniqueIdentifier>
    </Filter>
    <Filter Include="Windows">
      <UniqueIdentifier>{5032B729-BC11-36C5-C529-C19B31889C26}</UniqueIdentifier>
    </Filter>
    <Filter Include="Windows\VulkanInternal">
      <UniqueIdentifier>{CD9C23F9-B996-4C4B-A203-E35B8E9CB2B7}</UniqueIdentifier>
    </Filter>
  </ItemGroup>
  <ItemGroup>
    <ClInclude Include="ApplicationWindow.h" />
    <ClInclude Include="EngineConstants.h" />
    <ClInclude Include="Engine_PCH.h" />
    <ClInclude Include="HailEngine.h" />
    <ClInclude Include="ImGui\ImGuiAssetBrowser.h">
      <Filter>ImGui</Filter>
    </ClInclude>
    <ClInclude Include="ImGui\ImGuiCommands.h">
      <Filter>ImGui</Filter>
    </ClInclude>
    <ClInclude Include="ImGui\ImGuiContext.h">
      <Filter>ImGui</Filter>
    </ClInclude>
    <ClInclude Include="ImGui\ImGuiFileBrowser.h">
      <Filter>ImGui</Filter>
    </ClInclude>
    <ClInclude Include="ImGui\ImGuiHelpers.h">
      <Filter>ImGui</Filter>
    </ClInclude>
    <ClInclude Include="ImGui\ImGuiMaterialEditor.h">
      <Filter>ImGui</Filter>
    </ClInclude>
    <ClInclude Include="ImGui\ImGuiMessageLogger.h">
      <Filter>ImGui</Filter>
    </ClInclude>
    <ClInclude Include="ImGui\ImGuiPropertyWindow.h">
      <Filter>ImGui</Filter>
    </ClInclude>
    <ClInclude Include="Input\InputActionList.h">
      <Filter>Input</Filter>
    </ClInclude>
    <ClInclude Include="Input\InputActionMap.h">
      <Filter>Input</Filter>
    </ClInclude>
    <ClInclude Include="Input\InputHandler.h">
      <Filter>Input</Filter>
    </ClInclude>
    <ClInclude Include="Interface\ResourceInterface.h">
      <Filter>Interface</Filter>
    </ClInclude>
    <ClInclude Include="RenderCommands.h" />
    <ClInclude Include="Renderer.h" />
    <ClInclude Include="Rendering\FrameBufferTexture.h">
      <Filter>Rendering</Filter>
    </ClInclude>
    <ClInclude Include="Rendering\RenderDependencies.h">
      <Filter>Rendering</Filter>
    </ClInclude>
    <ClInclude Include="Rendering\RenderDevice.h">
      <Filter>Rendering</Filter>
    </ClInclude>
    <ClInclude Include="Rendering\SwapChain.h">
      <Filter>Rendering</Filter>
    </ClInclude>
    <ClInclude Include="Resources\BufferResource.h">
      <Filter>Resources</Filter>
    </ClInclude>
    <ClInclude Include="Resources\MaterialManager.h">
      <Filter>Resources</Filter>
    </ClInclude>
    <ClInclude Include="Resources\MaterialResources.h">
      <Filter>Resources</Filter>
    </ClInclude>
    <ClInclude Include="Resources\MeshResources.h">
      <Filter>Resources</Filter>
    </ClInclude>
    <ClInclude Include="Resources\RenderingResourceManager.h">
      <Filter>Resources</Filter>
    </ClInclude>
    <ClInclude Include="Resources\ResourceManager.h">
      <Filter>Resources</Filter>
    </ClInclude>
    <ClInclude Include="Resources\ResourceRegistry.h">
      <Filter>Resources</Filter>
    </ClInclude>
    <ClInclude Include="Resources\TextureManager.h">
      <Filter>Resources</Filter>
    </ClInclude>
    <ClInclude Include="Resources\TextureResource.h">
      <Filter>Resources</Filter>
    </ClInclude>
    <ClInclude Include="Resources\Vertices.h">
      <Filter>Resources</Filter>
    </ClInclude>
    <ClInclude Include="Resources\Vulkan\VlkBufferResource.h">
      <Filter>Resources\Vulkan</Filter>
    </ClInclude>
    <ClInclude Include="Resources\Vulkan\VlkMaterial.h">
      <Filter>Resources\Vulkan</Filter>
    </ClInclude>
    <ClInclude Include="Resources\Vulkan\VlkMaterialManager.h">
      <Filter>Resources\Vulkan</Filter>
    </ClInclude>
    <ClInclude Include="Resources\Vulkan\VlkTextureManager.h">
      <Filter>Resources\Vulkan</Filter>
    </ClInclude>
    <ClInclude Include="Resources\Vulkan\VlkTextureResource.h">
      <Filter>Resources\Vulkan</Filter>
    </ClInclude>
    <ClInclude Include="ThreadSynchronizer.h" />
    <ClInclude Include="Windows\VulkanInternal\VlkBufferCreationFunctions.h">
      <Filter>Windows\VulkanInternal</Filter>
    </ClInclude>
    <ClInclude Include="Windows\VulkanInternal\VlkDevice.h">
      <Filter>Windows\VulkanInternal</Filter>
    </ClInclude>
    <ClInclude Include="Windows\VulkanInternal\VlkFrameBufferTexture.h">
      <Filter>Windows\VulkanInternal</Filter>
    </ClInclude>
    <ClInclude Include="Windows\VulkanInternal\VlkMaterialCreationUtils.h">
      <Filter>Windows\VulkanInternal</Filter>
    </ClInclude>
    <ClInclude Include="Windows\VulkanInternal\VlkResourceManager.h">
      <Filter>Windows\VulkanInternal</Filter>
    </ClInclude>
    <ClInclude Include="Windows\VulkanInternal\VlkResources.h">
      <Filter>Windows\VulkanInternal</Filter>
    </ClInclude>
    <ClInclude Include="Windows\VulkanInternal\VlkSingleTimeCommand.h">
      <Filter>Windows\VulkanInternal</Filter>
    </ClInclude>
    <ClInclude Include="Windows\VulkanInternal\VlkSwapChain.h">
      <Filter>Windows\VulkanInternal</Filter>
    </ClInclude>
    <ClInclude Include="Windows\VulkanInternal\VlkTextureCreationFunctions.h">
      <Filter>Windows\VulkanInternal</Filter>
    </ClInclude>
    <ClInclude Include="Windows\VulkanInternal\VlkVertex_Descriptor.h">
      <Filter>Windows\VulkanInternal</Filter>
    </ClInclude>
    <ClInclude Include="Windows\Windows_ApplicationWindow.h">
      <Filter>Windows</Filter>
    </ClInclude>
    <ClInclude Include="Windows\Windows_InputHandler.h">
      <Filter>Windows</Filter>
    </ClInclude>
    <ClInclude Include="Windows\Windows_Renderer.h">
      <Filter>Windows</Filter>
    </ClInclude>
    <ClInclude Include="Windows\imgui_impl_vulkan.h">
      <Filter>Windows</Filter>
    </ClInclude>
    <ClInclude Include="Windows\imgui_impl_win32.h">
      <Filter>Windows</Filter>
    </ClInclude>
  </ItemGroup>
  <ItemGroup>
    <ClCompile Include="ApplicationWindow.cpp" />
    <ClCompile Include="Engine_PCH.cpp" />
    <ClCompile Include="HailEngine.cpp" />
    <ClCompile Include="ImGui\ImGuiAssetBrowser.cpp">
      <Filter>ImGui</Filter>
    </ClCompile>
    <ClCompile Include="ImGui\ImGuiCommands.cpp">
      <Filter>ImGui</Filter>
    </ClCompile>
    <ClCompile Include="ImGui\ImGuiContext.cpp">
      <Filter>ImGui</Filter>
    </ClCompile>
    <ClCompile Include="ImGui\ImGuiFileBrowser.cpp">
      <Filter>ImGui</Filter>
    </ClCompile>
    <ClCompile Include="ImGui\ImGuiHelpers.cpp">
      <Filter>ImGui</Filter>
    </ClCompile>
    <ClCompile Include="ImGui\ImGuiMaterialEditor.cpp">
      <Filter>ImGui</Filter>
    </ClCompile>
    <ClCompile Include="ImGui\ImGuiMessageLogger.cpp">
      <Filter>ImGui</Filter>
    </ClCompile>
    <ClCompile Include="ImGui\ImGuiPropertyWindow.cpp">
      <Filter>ImGui</Filter>
    </ClCompile>
    <ClCompile Include="Input\InputActionMap.cpp">
      <Filter>Input</Filter>
    </ClCompile>
    <ClCompile Include="Input\InputHandler.cpp">
      <Filter>Input</Filter>
    </ClCompile>
    <ClCompile Include="Interface\ResourceInterface.cpp">
      <Filter>Interface</Filter>
    </ClCompile>
    <ClCompile Include="Renderer.cpp" />
    <ClCompile Include="Rendering\FrameBufferTexture.cpp">
      <Filter>Rendering</Filter>
    </ClCompile>
    <ClCompile Include="Rendering\RenderDevice.cpp">
      <Filter>Rendering</Filter>
    </ClCompile>
    <ClCompile Include="Rendering\SwapChain.cpp">
      <Filter>Rendering</Filter>
    </ClCompile>
    <ClCompile Include="Resources\BufferResource.cpp">
      <Filter>Resources</Filter>
    </ClCompile>
    <ClCompile Include="Resources\MaterialManager.cpp">
      <Filter>Resources</Filter>
    </ClCompile>
    <ClCompile Include="Resources\MaterialResources.cpp">
      <Filter>Resources</Filter>
    </ClCompile>
    <ClCompile Include="Resources\MeshResources.cpp">
      <Filter>Resources</Filter>
    </ClCompile>
    <ClCompile Include="Resources\RenderingResourceManager.cpp">
      <Filter>Resources</Filter>
    </ClCompile>
    <ClCompile Include="Resources\ResourceManager.cpp">
      <Filter>Resources</Filter>
    </ClCompile>
    <ClCompile Include="Resources\ResourceRegistry.cpp">
      <Filter>Resources</Filter>
    </ClCompile>
    <ClCompile Include="Resources\TextureManager.cpp">
      <Filter>Resources</Filter>
    </ClCompile>
    <ClCompile Include="Resources\TextureResource.cpp">
      <Filter>Resources</Filter>
    </ClCompile>
    <ClCompile Include="Resources\Vulkan\VlkBufferResource.cpp">
      <Filter>Resources\Vulkan</Filter>
    </ClCompile>
    <ClCompile Include="Resources\Vulkan\VlkMaterial.cpp">
      <Filter>Resources\Vulkan</Filter>
    </ClCompile>
    <ClCompile Include="Resources\Vulkan\VlkMaterialManager.cpp">
      <Filter>Resources\Vulkan</Filter>
    </ClCompile>
    <ClCompile Include="Resources\Vulkan\VlkTextureManager.cpp">
      <Filter>Resources\Vulkan</Filter>
    </ClCompile>
    <ClCompile Include="Resources\Vulkan\VlkTextureResource.cpp">
      <Filter>Resources\Vulkan</Filter>
    </ClCompile>
    <ClCompile Include="ThreadSynchronizer.cpp" />
    <ClCompile Include="Windows\VulkanInternal\VlkBufferCreationFunctions.cpp">
      <Filter>Windows\VulkanInternal</Filter>
    </ClCompile>
    <ClCompile Include="Windows\VulkanInternal\VlkDevice.cpp">
      <Filter>Windows\VulkanInternal</Filter>
    </ClCompile>
    <ClCompile Include="Windows\VulkanInternal\VlkFrameBufferTexture.cpp">
      <Filter>Windows\VulkanInternal</Filter>
    </ClCompile>
    <ClCompile Include="Windows\VulkanInternal\VlkMaterialCreationUtils.cpp">
      <Filter>Windows\VulkanInternal</Filter>
    </ClCompile>
    <ClCompile Include="Windows\VulkanInternal\VlkResourceManager.cpp">
      <Filter>Windows\VulkanInternal</Filter>
    </ClCompile>
    <ClCompile Include="Windows\VulkanInternal\VlkResources.cpp">
      <Filter>Windows\VulkanInternal</Filter>
    </ClCompile>
    <ClCompile Include="Windows\VulkanInternal\VlkSingleTimeCommand.cpp">
      <Filter>Windows\VulkanInternal</Filter>
    </ClCompile>
    <ClCompile Include="Windows\VulkanInternal\VlkSwapChain.cpp">
      <Filter>Windows\VulkanInternal</Filter>
    </ClCompile>
    <ClCompile Include="Windows\VulkanInternal\VlkTextureCreationFunctions.cpp">
      <Filter>Windows\VulkanInternal</Filter>
    </ClCompile>
    <ClCompile Include="Windows\Windows_ApplicationWindow.cpp">
      <Filter>Windows</Filter>
    </ClCompile>
    <ClCompile Include="Windows\Windows_InputHandler.cpp">
      <Filter>Windows</Filter>
    </ClCompile>
    <ClCompile Include="Windows\Windows_Renderer.cpp">
      <Filter>Windows</Filter>
    </ClCompile>
  </ItemGroup>
</Project>